<?xml version="1.0" encoding="utf-8"?>
<Project ToolsVersion="4.0" xmlns="http://schemas.microsoft.com/developer/msbuild/2003">
  <ItemGroup>
    <ClCompile Include="audio.h" />
    <ClCompile Include="CoronaBeachAdventures.c" />
    <ClCompile Include="sprites.h" />
  </ItemGroup>
  <ItemGroup>
    <None Include="packages.config" />
  </ItemGroup>
  <ItemGroup>
    <ClInclude Include="mapa.h" />
    <ClInclude Include="personagem.h" />
  </ItemGroup>
</Project>